<?xml version="1.0" encoding="utf-8"?>
<Project ToolsVersion="4.0" xmlns="http://schemas.microsoft.com/developer/msbuild/2003">
  <ItemGroup>
    <Filter Include="core">
      <UniqueIdentifier>{ef56383f-49d2-4770-80c0-50711f829a32}</UniqueIdentifier>
    </Filter>
    <Filter Include="core\Packet">
      <UniqueIdentifier>{4347f885-1c40-4f20-983e-46cb93cc10b9}</UniqueIdentifier>
    </Filter>
    <Filter Include="core\Room">
      <UniqueIdentifier>{07413055-c6d3-49ac-b30b-cfa8a1c512c4}</UniqueIdentifier>
    </Filter>
    <Filter Include="core\Server">
      <UniqueIdentifier>{d77d14ee-af63-4f8f-a384-9f655d5b4a32}</UniqueIdentifier>
    </Filter>
    <Filter Include="core\Client">
      <UniqueIdentifier>{0f6f8514-0086-4249-9444-cc85f633bce9}</UniqueIdentifier>
    </Filter>
    <Filter Include="core\User">
      <UniqueIdentifier>{15c82ecf-19c8-4293-b803-71356e5363cc}</UniqueIdentifier>
    </Filter>
    <Filter Include="Trueconfig">
      <UniqueIdentifier>{58cf0333-6f7c-4f90-bfc1-a3d68d9bd314}</UniqueIdentifier>
    </Filter>
    <Filter Include="Truelog">
      <UniqueIdentifier>{dfec8577-edf7-47ca-98e2-46d7b2b4322e}</UniqueIdentifier>
    </Filter>
    <Filter Include="core\Client\UI">
      <UniqueIdentifier>{97e391a4-a54e-4eb1-91c2-eb9ded47372c}</UniqueIdentifier>
    </Filter>
    <Filter Include="core\Client\States">
      <UniqueIdentifier>{7611e420-4962-41af-bad1-1b9804631fae}</UniqueIdentifier>
    </Filter>
  </ItemGroup>
  <ItemGroup>
    <ClCompile Include="main.cpp" />
    <ClCompile Include="Server.cpp">
      <Filter>core\Server</Filter>
    </ClCompile>
    <ClCompile Include="Room.cpp">
      <Filter>core\Room</Filter>
    </ClCompile>
    <ClCompile Include="User.cpp">
      <Filter>core\User</Filter>
    </ClCompile>
    <ClCompile Include="Trueconfig.cpp">
      <Filter>Trueconfig</Filter>
    </ClCompile>
    <ClCompile Include="Truelog.cpp">
      <Filter>Truelog</Filter>
    </ClCompile>
    <ClCompile Include="StateMainMenu.cpp">
      <Filter>core\Client\States</Filter>
    </ClCompile>
    <ClCompile Include="StateAuthentication.cpp">
      <Filter>core\Client\States</Filter>
    </ClCompile>
    <ClCompile Include="Client.cpp">
      <Filter>core\Client</Filter>
    </ClCompile>
  </ItemGroup>
  <ItemGroup>
    <ClInclude Include="Client.h">
      <Filter>core\Client</Filter>
    </ClInclude>
    <ClInclude Include="Server.h">
      <Filter>core\Server</Filter>
    </ClInclude>
    <ClInclude Include="Packet.h">
      <Filter>core\Packet</Filter>
    </ClInclude>
    <ClInclude Include="PacketConnection.h">
      <Filter>core\Packet</Filter>
    </ClInclude>
    <ClInclude Include="PacketDisconnection.h">
      <Filter>core\Packet</Filter>
    </ClInclude>
    <ClInclude Include="PacketMessage.h">
      <Filter>core\Packet</Filter>
    </ClInclude>
    <ClInclude Include="PacketRequest.h">
      <Filter>core\Packet</Filter>
    </ClInclude>
    <ClInclude Include="PacketResponse.h">
      <Filter>core\Packet</Filter>
    </ClInclude>
    <ClInclude Include="Room.h">
      <Filter>core\Room</Filter>
    </ClInclude>
    <ClInclude Include="User.h">
      <Filter>core\User</Filter>
    </ClInclude>
    <ClInclude Include="Trueconfig.h">
      <Filter>Trueconfig</Filter>
    </ClInclude>
    <ClInclude Include="Truelog.h">
      <Filter>Truelog</Filter>
    </ClInclude>
    <ClInclude Include="UI.h">
      <Filter>core\Client\UI</Filter>
    </ClInclude>
    <ClInclude Include="State.h">
      <Filter>core\Client\States</Filter>
    </ClInclude>
    <ClInclude Include="StateMainMenu.h">
      <Filter>core\Client\States</Filter>
    </ClInclude>
    <ClInclude Include="StateRoom.h">
      <Filter>core\Client\States</Filter>
    </ClInclude>
    <ClInclude Include="StateMenu.h">
      <Filter>core\Client\States</Filter>
    </ClInclude>
    <ClInclude Include="StateAuthentication.h">
      <Filter>core\Client\States</Filter>
    </ClInclude>
  </ItemGroup>
</Project>